// !$*UTF8*$!
{
	archiveVersion = 1;
	classes = {
	};
	objectVersion = 52;
	objects = {

/* Begin PBXBuildFile section */
		6A06FAC82445517B002202DC /* ASCollectionView in Frameworks */ = {isa = PBXBuildFile; productRef = 6A06FAC72445517B002202DC /* ASCollectionView */; };
		6A20865E248415A7002C98E5 /* Store.swift in Sources */ = {isa = PBXBuildFile; fileRef = 6A20865D248415A7002C98E5 /* Store.swift */; };
		6A5430E724994A6500C92B78 /* RealmSwift in Frameworks */ = {isa = PBXBuildFile; productRef = 6A5430E624994A6500C92B78 /* RealmSwift */; };
		6A60FB7A244535A70070A76B /* AppDelegate.swift in Sources */ = {isa = PBXBuildFile; fileRef = 6A60FB79244535A70070A76B /* AppDelegate.swift */; };
		6A60FB7C244535A70070A76B /* SceneDelegate.swift in Sources */ = {isa = PBXBuildFile; fileRef = 6A60FB7B244535A70070A76B /* SceneDelegate.swift */; };
		6A60FB7E244535A70070A76B /* ContentView.swift in Sources */ = {isa = PBXBuildFile; fileRef = 6A60FB7D244535A70070A76B /* ContentView.swift */; };
		6A60FB80244535A90070A76B /* Assets.xcassets in Resources */ = {isa = PBXBuildFile; fileRef = 6A60FB7F244535A90070A76B /* Assets.xcassets */; };
		6A60FB83244535A90070A76B /* Preview Assets.xcassets in Resources */ = {isa = PBXBuildFile; fileRef = 6A60FB82244535A90070A76B /* Preview Assets.xcassets */; };
		6A60FB86244535A90070A76B /* LaunchScreen.storyboard in Resources */ = {isa = PBXBuildFile; fileRef = 6A60FB84244535A90070A76B /* LaunchScreen.storyboard */; };
		6A60FB91244535A90070A76B /* XKCDYTests.swift in Sources */ = {isa = PBXBuildFile; fileRef = 6A60FB90244535A90070A76B /* XKCDYTests.swift */; };
		6A60FB9C244535A90070A76B /* XKCDYUITests.swift in Sources */ = {isa = PBXBuildFile; fileRef = 6A60FB9B244535A90070A76B /* XKCDYUITests.swift */; };
		6AA0123424B62C7000F51ABF /* Kingfisher in Frameworks */ = {isa = PBXBuildFile; productRef = 6AA0123324B62C7000F51ABF /* Kingfisher */; };
		6AA0123624B62C7000F51ABF /* KingfisherSwiftUI in Frameworks */ = {isa = PBXBuildFile; productRef = 6AA0123524B62C7000F51ABF /* KingfisherSwiftUI */; };
		6AA0123824B64F0700F51ABF /* ComicDetailsSheet.swift in Sources */ = {isa = PBXBuildFile; fileRef = 6AA0123724B64F0700F51ABF /* ComicDetailsSheet.swift */; };
		6AA0123B24B6538700F51ABF /* WebView in Frameworks */ = {isa = PBXBuildFile; productRef = 6AA0123A24B6538700F51ABF /* WebView */; };
		6AA0123D24B6643000F51ABF /* UncontrolledWebView.swift in Sources */ = {isa = PBXBuildFile; fileRef = 6AA0123C24B6643000F51ABF /* UncontrolledWebView.swift */; };
		6AAE174E24B7968E00181C4B /* Intents.intentdefinition in Sources */ = {isa = PBXBuildFile; fileRef = 6AAE174D24B7968E00181C4B /* Intents.intentdefinition */; };
		6AAE177F24B79CD700181C4B /* IntentHandler.swift in Sources */ = {isa = PBXBuildFile; fileRef = 6AAE177E24B79CD700181C4B /* IntentHandler.swift */; };
		6AAE178324B79CD700181C4B /* XKCDYIntents.appex in Embed App Extensions */ = {isa = PBXBuildFile; fileRef = 6AAE177C24B79CD700181C4B /* XKCDYIntents.appex */; settings = {ATTRIBUTES = (RemoveHeadersOnCopy, ); }; };
		6AAE178724B79CE500181C4B /* Intents.intentdefinition in Sources */ = {isa = PBXBuildFile; fileRef = 6AAE174D24B7968E00181C4B /* Intents.intentdefinition */; };
		6AAE178924B7A1B700181C4B /* GetComicIntentHandler.swift in Sources */ = {isa = PBXBuildFile; fileRef = 6AAE178824B7A1B700181C4B /* GetComicIntentHandler.swift */; };
		6AAE179024B7D03700181C4B /* Realm in Frameworks */ = {isa = PBXBuildFile; productRef = 6AAE178F24B7D03700181C4B /* Realm */; };
		6AAE179224B7D03700181C4B /* RealmSwift in Frameworks */ = {isa = PBXBuildFile; productRef = 6AAE179124B7D03700181C4B /* RealmSwift */; };
		6AAE179324B7E2F300181C4B /* Comic.swift in Sources */ = {isa = PBXBuildFile; fileRef = 6AECCFD224B28CEA006BC9D9 /* Comic.swift */; };
		6AB30F7724B5273E00A5FF80 /* ComicBadge.swift in Sources */ = {isa = PBXBuildFile; fileRef = 6AB30F7624B5273E00A5FF80 /* ComicBadge.swift */; };
		6ADBCBD42447B65100594DBD /* Alamofire in Frameworks */ = {isa = PBXBuildFile; productRef = 6ADBCBD32447B65100594DBD /* Alamofire */; };
		6AE0D7B4244FBC9C00AE982C /* SearchBar.swift in Sources */ = {isa = PBXBuildFile; fileRef = 6AE0D7B3244FBC9C00AE982C /* SearchBar.swift */; };
		6AE0D7B6244FF1A700AE982C /* FloatingNavBar.swift in Sources */ = {isa = PBXBuildFile; fileRef = 6AE0D7B5244FF1A700AE982C /* FloatingNavBar.swift */; };
		6AE116F02465F82B00194F57 /* ShareSheet.swift in Sources */ = {isa = PBXBuildFile; fileRef = 6AE116EF2465F82B00194F57 /* ShareSheet.swift */; };
		6AE116F4246653CE00194F57 /* ComicPager.swift in Sources */ = {isa = PBXBuildFile; fileRef = 6AE116F3246653CE00194F57 /* ComicPager.swift */; };
		6AEB62B4246373E7001FAF67 /* SwiftUIPager in Frameworks */ = {isa = PBXBuildFile; productRef = 6AEB62B3246373E7001FAF67 /* SwiftUIPager */; };
		6AEB62B82463A333001FAF67 /* ZoomableImage.swift in Sources */ = {isa = PBXBuildFile; fileRef = 6AEB62B72463A333001FAF67 /* ZoomableImage.swift */; };
		6AECCFD024B0DBD1006BC9D9 /* XKCDYClient.swift in Sources */ = {isa = PBXBuildFile; fileRef = 6AECCFCF24B0DBD1006BC9D9 /* XKCDYClient.swift */; };
		6AECCFD324B28CEA006BC9D9 /* Comic.swift in Sources */ = {isa = PBXBuildFile; fileRef = 6AECCFD224B28CEA006BC9D9 /* Comic.swift */; };
		6AEFE7A2244628E7003057F8 /* SwiftUIFlux in Frameworks */ = {isa = PBXBuildFile; productRef = 6AEFE7A1244628E7003057F8 /* SwiftUIFlux */; };
		6AEFE7AE244644A7003057F8 /* ComicsGrid.swift in Sources */ = {isa = PBXBuildFile; fileRef = 6AEFE7AD244644A7003057F8 /* ComicsGrid.swift */; };
		6AF016A2246239CD00A51375 /* Introspect in Frameworks */ = {isa = PBXBuildFile; productRef = 6AF016A1246239CD00A51375 /* Introspect */; };
/* End PBXBuildFile section */

/* Begin PBXContainerItemProxy section */
		6A60FB8D244535A90070A76B /* PBXContainerItemProxy */ = {
			isa = PBXContainerItemProxy;
			containerPortal = 6A60FB6E244535A70070A76B /* Project object */;
			proxyType = 1;
			remoteGlobalIDString = 6A60FB75244535A70070A76B;
			remoteInfo = DCKX;
		};
		6A60FB98244535A90070A76B /* PBXContainerItemProxy */ = {
			isa = PBXContainerItemProxy;
			containerPortal = 6A60FB6E244535A70070A76B /* Project object */;
			proxyType = 1;
			remoteGlobalIDString = 6A60FB75244535A70070A76B;
			remoteInfo = DCKX;
		};
		6AAE178124B79CD700181C4B /* PBXContainerItemProxy */ = {
			isa = PBXContainerItemProxy;
			containerPortal = 6A60FB6E244535A70070A76B /* Project object */;
			proxyType = 1;
			remoteGlobalIDString = 6AAE177B24B79CD700181C4B;
			remoteInfo = XKCDYIntents;
		};
/* End PBXContainerItemProxy section */

/* Begin PBXCopyFilesBuildPhase section */
		6AAE177624B79BCD00181C4B /* Embed App Extensions */ = {
			isa = PBXCopyFilesBuildPhase;
			buildActionMask = 2147483647;
			dstPath = "";
			dstSubfolderSpec = 13;
			files = (
				6AAE178324B79CD700181C4B /* XKCDYIntents.appex in Embed App Extensions */,
			);
			name = "Embed App Extensions";
			runOnlyForDeploymentPostprocessing = 0;
		};
/* End PBXCopyFilesBuildPhase section */

/* Begin PBXFileReference section */
		6A20865D248415A7002C98E5 /* Store.swift */ = {isa = PBXFileReference; lastKnownFileType = sourcecode.swift; path = Store.swift; sourceTree = "<group>"; };
		6A60FB76244535A70070A76B /* XKCDY.app */ = {isa = PBXFileReference; explicitFileType = wrapper.application; includeInIndex = 0; path = XKCDY.app; sourceTree = BUILT_PRODUCTS_DIR; };
		6A60FB79244535A70070A76B /* AppDelegate.swift */ = {isa = PBXFileReference; lastKnownFileType = sourcecode.swift; path = AppDelegate.swift; sourceTree = "<group>"; };
		6A60FB7B244535A70070A76B /* SceneDelegate.swift */ = {isa = PBXFileReference; lastKnownFileType = sourcecode.swift; path = SceneDelegate.swift; sourceTree = "<group>"; };
		6A60FB7D244535A70070A76B /* ContentView.swift */ = {isa = PBXFileReference; lastKnownFileType = sourcecode.swift; path = ContentView.swift; sourceTree = "<group>"; };
		6A60FB7F244535A90070A76B /* Assets.xcassets */ = {isa = PBXFileReference; lastKnownFileType = folder.assetcatalog; path = Assets.xcassets; sourceTree = "<group>"; };
		6A60FB82244535A90070A76B /* Preview Assets.xcassets */ = {isa = PBXFileReference; lastKnownFileType = folder.assetcatalog; path = "Preview Assets.xcassets"; sourceTree = "<group>"; };
		6A60FB85244535A90070A76B /* Base */ = {isa = PBXFileReference; lastKnownFileType = file.storyboard; name = Base; path = Base.lproj/LaunchScreen.storyboard; sourceTree = "<group>"; };
		6A60FB87244535A90070A76B /* Info.plist */ = {isa = PBXFileReference; lastKnownFileType = text.plist.xml; path = Info.plist; sourceTree = "<group>"; };
		6A60FB8C244535A90070A76B /* XKCDYTests.xctest */ = {isa = PBXFileReference; explicitFileType = wrapper.cfbundle; includeInIndex = 0; path = XKCDYTests.xctest; sourceTree = BUILT_PRODUCTS_DIR; };
		6A60FB90244535A90070A76B /* XKCDYTests.swift */ = {isa = PBXFileReference; lastKnownFileType = sourcecode.swift; path = XKCDYTests.swift; sourceTree = "<group>"; };
		6A60FB92244535A90070A76B /* Info.plist */ = {isa = PBXFileReference; lastKnownFileType = text.plist.xml; path = Info.plist; sourceTree = "<group>"; };
		6A60FB97244535A90070A76B /* XKCDYUITests.xctest */ = {isa = PBXFileReference; explicitFileType = wrapper.cfbundle; includeInIndex = 0; path = XKCDYUITests.xctest; sourceTree = BUILT_PRODUCTS_DIR; };
		6A60FB9B244535A90070A76B /* XKCDYUITests.swift */ = {isa = PBXFileReference; lastKnownFileType = sourcecode.swift; path = XKCDYUITests.swift; sourceTree = "<group>"; };
		6A60FB9D244535A90070A76B /* Info.plist */ = {isa = PBXFileReference; lastKnownFileType = text.plist.xml; path = Info.plist; sourceTree = "<group>"; };
		6AA0123724B64F0700F51ABF /* ComicDetailsSheet.swift */ = {isa = PBXFileReference; lastKnownFileType = sourcecode.swift; path = ComicDetailsSheet.swift; sourceTree = "<group>"; };
		6AA0123C24B6643000F51ABF /* UncontrolledWebView.swift */ = {isa = PBXFileReference; lastKnownFileType = sourcecode.swift; path = UncontrolledWebView.swift; sourceTree = "<group>"; };
		6AAE174D24B7968E00181C4B /* Intents.intentdefinition */ = {isa = PBXFileReference; lastKnownFileType = file.intentdefinition; name = Intents.intentdefinition; path = XKCDY/Intents.intentdefinition; sourceTree = SOURCE_ROOT; };
		6AAE175124B79B8B00181C4B /* XKCDY.entitlements */ = {isa = PBXFileReference; lastKnownFileType = text.plist.entitlements; path = XKCDY.entitlements; sourceTree = "<group>"; };
		6AAE176124B79BCD00181C4B /* IntentsUI.framework */ = {isa = PBXFileReference; lastKnownFileType = wrapper.framework; name = IntentsUI.framework; path = System/Library/Frameworks/IntentsUI.framework; sourceTree = SDKROOT; };
		6AAE177C24B79CD700181C4B /* XKCDYIntents.appex */ = {isa = PBXFileReference; explicitFileType = "wrapper.app-extension"; includeInIndex = 0; path = XKCDYIntents.appex; sourceTree = BUILT_PRODUCTS_DIR; };
		6AAE177E24B79CD700181C4B /* IntentHandler.swift */ = {isa = PBXFileReference; lastKnownFileType = sourcecode.swift; path = IntentHandler.swift; sourceTree = "<group>"; };
		6AAE178024B79CD700181C4B /* Info.plist */ = {isa = PBXFileReference; lastKnownFileType = text.plist.xml; path = Info.plist; sourceTree = "<group>"; };
		6AAE178824B7A1B700181C4B /* GetComicIntentHandler.swift */ = {isa = PBXFileReference; lastKnownFileType = sourcecode.swift; path = GetComicIntentHandler.swift; sourceTree = "<group>"; };
		6AAE179424B7EE2A00181C4B /* XKCDYIntentsRelease.entitlements */ = {isa = PBXFileReference; lastKnownFileType = text.plist.entitlements; path = XKCDYIntentsRelease.entitlements; sourceTree = "<group>"; };
		6AAE179524B7EE3700181C4B /* XKCDYIntentsDebug.entitlements */ = {isa = PBXFileReference; lastKnownFileType = text.plist.entitlements; path = XKCDYIntentsDebug.entitlements; sourceTree = "<group>"; };
		6AB30F7624B5273E00A5FF80 /* ComicBadge.swift */ = {isa = PBXFileReference; lastKnownFileType = sourcecode.swift; path = ComicBadge.swift; sourceTree = "<group>"; };
		6AE0D7B3244FBC9C00AE982C /* SearchBar.swift */ = {isa = PBXFileReference; lastKnownFileType = sourcecode.swift; path = SearchBar.swift; sourceTree = "<group>"; };
		6AE0D7B5244FF1A700AE982C /* FloatingNavBar.swift */ = {isa = PBXFileReference; lastKnownFileType = sourcecode.swift; path = FloatingNavBar.swift; sourceTree = "<group>"; };
		6AE116EF2465F82B00194F57 /* ShareSheet.swift */ = {isa = PBXFileReference; lastKnownFileType = sourcecode.swift; path = ShareSheet.swift; sourceTree = "<group>"; };
		6AE116F3246653CE00194F57 /* ComicPager.swift */ = {isa = PBXFileReference; lastKnownFileType = sourcecode.swift; path = ComicPager.swift; sourceTree = "<group>"; };
		6AEB62B72463A333001FAF67 /* ZoomableImage.swift */ = {isa = PBXFileReference; lastKnownFileType = sourcecode.swift; path = ZoomableImage.swift; sourceTree = "<group>"; };
		6AECCFCF24B0DBD1006BC9D9 /* XKCDYClient.swift */ = {isa = PBXFileReference; lastKnownFileType = sourcecode.swift; path = XKCDYClient.swift; sourceTree = "<group>"; };
		6AECCFD224B28CEA006BC9D9 /* Comic.swift */ = {isa = PBXFileReference; lastKnownFileType = sourcecode.swift; path = Comic.swift; sourceTree = "<group>"; };
		6AEFE7AD244644A7003057F8 /* ComicsGrid.swift */ = {isa = PBXFileReference; lastKnownFileType = sourcecode.swift; path = ComicsGrid.swift; sourceTree = "<group>"; };
/* End PBXFileReference section */

/* Begin PBXFrameworksBuildPhase section */
		6A60FB73244535A70070A76B /* Frameworks */ = {
			isa = PBXFrameworksBuildPhase;
			buildActionMask = 2147483647;
			files = (
				6AA0123624B62C7000F51ABF /* KingfisherSwiftUI in Frameworks */,
				6ADBCBD42447B65100594DBD /* Alamofire in Frameworks */,
				6AEB62B4246373E7001FAF67 /* SwiftUIPager in Frameworks */,
				6AA0123B24B6538700F51ABF /* WebView in Frameworks */,
				6A5430E724994A6500C92B78 /* RealmSwift in Frameworks */,
				6AF016A2246239CD00A51375 /* Introspect in Frameworks */,
				6AA0123424B62C7000F51ABF /* Kingfisher in Frameworks */,
				6AEFE7A2244628E7003057F8 /* SwiftUIFlux in Frameworks */,
				6A06FAC82445517B002202DC /* ASCollectionView in Frameworks */,
			);
			runOnlyForDeploymentPostprocessing = 0;
		};
		6A60FB89244535A90070A76B /* Frameworks */ = {
			isa = PBXFrameworksBuildPhase;
			buildActionMask = 2147483647;
			files = (
			);
			runOnlyForDeploymentPostprocessing = 0;
		};
		6A60FB94244535A90070A76B /* Frameworks */ = {
			isa = PBXFrameworksBuildPhase;
			buildActionMask = 2147483647;
			files = (
			);
			runOnlyForDeploymentPostprocessing = 0;
		};
		6AAE177924B79CD700181C4B /* Frameworks */ = {
			isa = PBXFrameworksBuildPhase;
			buildActionMask = 2147483647;
			files = (
				6AAE179224B7D03700181C4B /* RealmSwift in Frameworks */,
				6AAE179024B7D03700181C4B /* Realm in Frameworks */,
			);
			runOnlyForDeploymentPostprocessing = 0;
		};
/* End PBXFrameworksBuildPhase section */

/* Begin PBXGroup section */
		6A60FB6D244535A70070A76B = {
			isa = PBXGroup;
			children = (
				6A60FB78244535A70070A76B /* XKCDY */,
				6A60FB8F244535A90070A76B /* XKCDYTests */,
				6A60FB9A244535A90070A76B /* XKCDYUITests */,
				6AAE177D24B79CD700181C4B /* XKCDYIntents */,
				6AAE176024B79BCD00181C4B /* Frameworks */,
				6A60FB77244535A70070A76B /* Products */,
			);
			sourceTree = "<group>";
		};
		6A60FB77244535A70070A76B /* Products */ = {
			isa = PBXGroup;
			children = (
				6A60FB76244535A70070A76B /* XKCDY.app */,
				6A60FB8C244535A90070A76B /* XKCDYTests.xctest */,
				6A60FB97244535A90070A76B /* XKCDYUITests.xctest */,
				6AAE177C24B79CD700181C4B /* XKCDYIntents.appex */,
			);
			name = Products;
			sourceTree = "<group>";
		};
		6A60FB78244535A70070A76B /* XKCDY */ = {
			isa = PBXGroup;
			children = (
				6AAE175124B79B8B00181C4B /* XKCDY.entitlements */,
				6AAE174D24B7968E00181C4B /* Intents.intentdefinition */,
				6AECCFD124B28CD8006BC9D9 /* Models */,
				6AE0D7AC244F8E9400AE982C /* Support */,
				6A60FBAC24453DA50070A76B /* Views */,
				6A60FB79244535A70070A76B /* AppDelegate.swift */,
				6A60FB7B244535A70070A76B /* SceneDelegate.swift */,
				6A60FB7D244535A70070A76B /* ContentView.swift */,
				6A60FB7F244535A90070A76B /* Assets.xcassets */,
				6A60FB84244535A90070A76B /* LaunchScreen.storyboard */,
				6A60FB87244535A90070A76B /* Info.plist */,
				6A60FB81244535A90070A76B /* Preview Content */,
			);
			path = XKCDY;
			sourceTree = "<group>";
		};
		6A60FB81244535A90070A76B /* Preview Content */ = {
			isa = PBXGroup;
			children = (
				6A60FB82244535A90070A76B /* Preview Assets.xcassets */,
			);
			path = "Preview Content";
			sourceTree = "<group>";
		};
		6A60FB8F244535A90070A76B /* XKCDYTests */ = {
			isa = PBXGroup;
			children = (
				6A60FB90244535A90070A76B /* XKCDYTests.swift */,
				6A60FB92244535A90070A76B /* Info.plist */,
			);
			path = XKCDYTests;
			sourceTree = "<group>";
		};
		6A60FB9A244535A90070A76B /* XKCDYUITests */ = {
			isa = PBXGroup;
			children = (
				6A60FB9B244535A90070A76B /* XKCDYUITests.swift */,
				6A60FB9D244535A90070A76B /* Info.plist */,
			);
			path = XKCDYUITests;
			sourceTree = "<group>";
		};
		6A60FBAC24453DA50070A76B /* Views */ = {
			isa = PBXGroup;
			children = (
				6AEFE7AD244644A7003057F8 /* ComicsGrid.swift */,
				6AE0D7B3244FBC9C00AE982C /* SearchBar.swift */,
				6AE0D7B5244FF1A700AE982C /* FloatingNavBar.swift */,
				6AEB62B72463A333001FAF67 /* ZoomableImage.swift */,
				6AE116EF2465F82B00194F57 /* ShareSheet.swift */,
				6AE116F3246653CE00194F57 /* ComicPager.swift */,
				6AB30F7624B5273E00A5FF80 /* ComicBadge.swift */,
				6AA0123724B64F0700F51ABF /* ComicDetailsSheet.swift */,
				6AA0123C24B6643000F51ABF /* UncontrolledWebView.swift */,
			);
			path = Views;
			sourceTree = "<group>";
		};
		6AAE176024B79BCD00181C4B /* Frameworks */ = {
			isa = PBXGroup;
			children = (
				6AAE176124B79BCD00181C4B /* IntentsUI.framework */,
			);
			name = Frameworks;
			sourceTree = "<group>";
		};
		6AAE177D24B79CD700181C4B /* XKCDYIntents */ = {
			isa = PBXGroup;
			children = (
				6AAE179524B7EE3700181C4B /* XKCDYIntentsDebug.entitlements */,
				6AAE179424B7EE2A00181C4B /* XKCDYIntentsRelease.entitlements */,
				6AAE177E24B79CD700181C4B /* IntentHandler.swift */,
				6AAE178024B79CD700181C4B /* Info.plist */,
				6AAE178824B7A1B700181C4B /* GetComicIntentHandler.swift */,
			);
			path = XKCDYIntents;
			sourceTree = "<group>";
		};
		6AE0D7AC244F8E9400AE982C /* Support */ = {
			isa = PBXGroup;
			children = (
				6AECCFCF24B0DBD1006BC9D9 /* XKCDYClient.swift */,
				6A20865D248415A7002C98E5 /* Store.swift */,
			);
			path = Support;
			sourceTree = "<group>";
		};
		6AECCFD124B28CD8006BC9D9 /* Models */ = {
			isa = PBXGroup;
			children = (
				6AECCFD224B28CEA006BC9D9 /* Comic.swift */,
			);
			path = Models;
			sourceTree = "<group>";
		};
/* End PBXGroup section */

/* Begin PBXNativeTarget section */
		6A60FB75244535A70070A76B /* XKCDY */ = {
			isa = PBXNativeTarget;
			buildConfigurationList = 6A60FBA0244535A90070A76B /* Build configuration list for PBXNativeTarget "XKCDY" */;
			buildPhases = (
				6ADE583324B3E0510058EF43 /* SwiftLint */,
				6A60FB72244535A70070A76B /* Sources */,
				6A60FB73244535A70070A76B /* Frameworks */,
				6A60FB74244535A70070A76B /* Resources */,
				6AAE177624B79BCD00181C4B /* Embed App Extensions */,
			);
			buildRules = (
			);
			dependencies = (
				6AAE178224B79CD700181C4B /* PBXTargetDependency */,
			);
			name = XKCDY;
			packageProductDependencies = (
				6A06FAC72445517B002202DC /* ASCollectionView */,
				6AEFE7A1244628E7003057F8 /* SwiftUIFlux */,
				6ADBCBD32447B65100594DBD /* Alamofire */,
				6AF016A1246239CD00A51375 /* Introspect */,
				6AEB62B3246373E7001FAF67 /* SwiftUIPager */,
				6A5430E624994A6500C92B78 /* RealmSwift */,
				6AA0123324B62C7000F51ABF /* Kingfisher */,
				6AA0123524B62C7000F51ABF /* KingfisherSwiftUI */,
				6AA0123A24B6538700F51ABF /* WebView */,
			);
			productName = DCKX;
			productReference = 6A60FB76244535A70070A76B /* XKCDY.app */;
			productType = "com.apple.product-type.application";
		};
		6A60FB8B244535A90070A76B /* XKCDYTests */ = {
			isa = PBXNativeTarget;
			buildConfigurationList = 6A60FBA3244535A90070A76B /* Build configuration list for PBXNativeTarget "XKCDYTests" */;
			buildPhases = (
				6A60FB88244535A90070A76B /* Sources */,
				6A60FB89244535A90070A76B /* Frameworks */,
				6A60FB8A244535A90070A76B /* Resources */,
			);
			buildRules = (
			);
			dependencies = (
				6A60FB8E244535A90070A76B /* PBXTargetDependency */,
			);
			name = XKCDYTests;
			productName = DCKXTests;
			productReference = 6A60FB8C244535A90070A76B /* XKCDYTests.xctest */;
			productType = "com.apple.product-type.bundle.unit-test";
		};
		6A60FB96244535A90070A76B /* XKCDYUITests */ = {
			isa = PBXNativeTarget;
			buildConfigurationList = 6A60FBA6244535A90070A76B /* Build configuration list for PBXNativeTarget "XKCDYUITests" */;
			buildPhases = (
				6A60FB93244535A90070A76B /* Sources */,
				6A60FB94244535A90070A76B /* Frameworks */,
				6A60FB95244535A90070A76B /* Resources */,
			);
			buildRules = (
			);
			dependencies = (
				6A60FB99244535A90070A76B /* PBXTargetDependency */,
			);
			name = XKCDYUITests;
			productName = DCKXUITests;
			productReference = 6A60FB97244535A90070A76B /* XKCDYUITests.xctest */;
			productType = "com.apple.product-type.bundle.ui-testing";
		};
		6AAE177B24B79CD700181C4B /* XKCDYIntents */ = {
			isa = PBXNativeTarget;
			buildConfigurationList = 6AAE178424B79CD700181C4B /* Build configuration list for PBXNativeTarget "XKCDYIntents" */;
			buildPhases = (
				6AAE177824B79CD700181C4B /* Sources */,
				6AAE177924B79CD700181C4B /* Frameworks */,
				6AAE177A24B79CD700181C4B /* Resources */,
			);
			buildRules = (
			);
			dependencies = (
			);
			name = XKCDYIntents;
			packageProductDependencies = (
				6AAE178F24B7D03700181C4B /* Realm */,
				6AAE179124B7D03700181C4B /* RealmSwift */,
			);
			productName = XKCDYIntents;
			productReference = 6AAE177C24B79CD700181C4B /* XKCDYIntents.appex */;
			productType = "com.apple.product-type.app-extension";
		};
/* End PBXNativeTarget section */

/* Begin PBXProject section */
		6A60FB6E244535A70070A76B /* Project object */ = {
			isa = PBXProject;
			attributes = {
				LastSwiftUpdateCheck = 1150;
				LastUpgradeCheck = 1140;
				ORGANIZATIONNAME = "Max Isom";
				TargetAttributes = {
					6A60FB75244535A70070A76B = {
						CreatedOnToolsVersion = 11.4;
					};
					6A60FB8B244535A90070A76B = {
						CreatedOnToolsVersion = 11.4;
						TestTargetID = 6A60FB75244535A70070A76B;
					};
					6A60FB96244535A90070A76B = {
						CreatedOnToolsVersion = 11.4;
						TestTargetID = 6A60FB75244535A70070A76B;
					};
					6AAE177B24B79CD700181C4B = {
						CreatedOnToolsVersion = 11.5;
					};
				};
			};
			buildConfigurationList = 6A60FB71244535A70070A76B /* Build configuration list for PBXProject "XKCDY" */;
			compatibilityVersion = "Xcode 9.3";
			developmentRegion = en;
			hasScannedForEncodings = 0;
			knownRegions = (
				en,
				Base,
			);
			mainGroup = 6A60FB6D244535A70070A76B;
			packageReferences = (
				6A06FAC62445517B002202DC /* XCRemoteSwiftPackageReference "ASCollectionView" */,
				6AEFE7A0244628E7003057F8 /* XCRemoteSwiftPackageReference "SwiftUIFlux" */,
				6ADBCBD22447B65100594DBD /* XCRemoteSwiftPackageReference "Alamofire" */,
				6AF016A0246239CD00A51375 /* XCRemoteSwiftPackageReference "SwiftUI-Introspect" */,
				6AEB62B2246373E7001FAF67 /* XCRemoteSwiftPackageReference "SwiftUIPager" */,
				6A5430E524994A6500C92B78 /* XCRemoteSwiftPackageReference "realm-cocoa" */,
				6AA0123224B62C7000F51ABF /* XCRemoteSwiftPackageReference "Kingfisher" */,
				6AA0123924B6538700F51ABF /* XCRemoteSwiftPackageReference "SwiftUI-WebView" */,
			);
			productRefGroup = 6A60FB77244535A70070A76B /* Products */;
			projectDirPath = "";
			projectRoot = "";
			targets = (
				6A60FB75244535A70070A76B /* XKCDY */,
				6A60FB8B244535A90070A76B /* XKCDYTests */,
				6A60FB96244535A90070A76B /* XKCDYUITests */,
				6AAE177B24B79CD700181C4B /* XKCDYIntents */,
			);
		};
/* End PBXProject section */

/* Begin PBXResourcesBuildPhase section */
		6A60FB74244535A70070A76B /* Resources */ = {
			isa = PBXResourcesBuildPhase;
			buildActionMask = 2147483647;
			files = (
				6A60FB86244535A90070A76B /* LaunchScreen.storyboard in Resources */,
				6A60FB83244535A90070A76B /* Preview Assets.xcassets in Resources */,
				6A60FB80244535A90070A76B /* Assets.xcassets in Resources */,
			);
			runOnlyForDeploymentPostprocessing = 0;
		};
		6A60FB8A244535A90070A76B /* Resources */ = {
			isa = PBXResourcesBuildPhase;
			buildActionMask = 2147483647;
			files = (
			);
			runOnlyForDeploymentPostprocessing = 0;
		};
		6A60FB95244535A90070A76B /* Resources */ = {
			isa = PBXResourcesBuildPhase;
			buildActionMask = 2147483647;
			files = (
			);
			runOnlyForDeploymentPostprocessing = 0;
		};
		6AAE177A24B79CD700181C4B /* Resources */ = {
			isa = PBXResourcesBuildPhase;
			buildActionMask = 2147483647;
			files = (
			);
			runOnlyForDeploymentPostprocessing = 0;
		};
/* End PBXResourcesBuildPhase section */

/* Begin PBXShellScriptBuildPhase section */
		6ADE583324B3E0510058EF43 /* SwiftLint */ = {
			isa = PBXShellScriptBuildPhase;
			buildActionMask = 2147483647;
			files = (
			);
			inputFileListPaths = (
			);
			inputPaths = (
			);
			name = SwiftLint;
			outputFileListPaths = (
			);
			outputPaths = (
			);
			runOnlyForDeploymentPostprocessing = 0;
			shellPath = /bin/sh;
			shellScript = "if which swiftlint >/dev/null; then\n  swiftlint\nelse echo \"warning: SwiftLint not installed, download from https://github.com/realm/SwiftLint\"\nfi\n";
		};
/* End PBXShellScriptBuildPhase section */

/* Begin PBXSourcesBuildPhase section */
		6A60FB72244535A70070A76B /* Sources */ = {
			isa = PBXSourcesBuildPhase;
			buildActionMask = 2147483647;
			files = (
				6AE0D7B6244FF1A700AE982C /* FloatingNavBar.swift in Sources */,
				6A60FB7A244535A70070A76B /* AppDelegate.swift in Sources */,
				6A20865E248415A7002C98E5 /* Store.swift in Sources */,
				6A60FB7C244535A70070A76B /* SceneDelegate.swift in Sources */,
				6A60FB7E244535A70070A76B /* ContentView.swift in Sources */,
				6AB30F7724B5273E00A5FF80 /* ComicBadge.swift in Sources */,
				6AAE174E24B7968E00181C4B /* Intents.intentdefinition in Sources */,
				6AA0123824B64F0700F51ABF /* ComicDetailsSheet.swift in Sources */,
				6AA0123D24B6643000F51ABF /* UncontrolledWebView.swift in Sources */,
				6AECCFD024B0DBD1006BC9D9 /* XKCDYClient.swift in Sources */,
				6AEB62B82463A333001FAF67 /* ZoomableImage.swift in Sources */,
				6AE0D7B4244FBC9C00AE982C /* SearchBar.swift in Sources */,
				6AECCFD324B28CEA006BC9D9 /* Comic.swift in Sources */,
				6AE116F4246653CE00194F57 /* ComicPager.swift in Sources */,
				6AEFE7AE244644A7003057F8 /* ComicsGrid.swift in Sources */,
				6AE116F02465F82B00194F57 /* ShareSheet.swift in Sources */,
			);
			runOnlyForDeploymentPostprocessing = 0;
		};
		6A60FB88244535A90070A76B /* Sources */ = {
			isa = PBXSourcesBuildPhase;
			buildActionMask = 2147483647;
			files = (
				6A60FB91244535A90070A76B /* XKCDYTests.swift in Sources */,
			);
			runOnlyForDeploymentPostprocessing = 0;
		};
		6A60FB93244535A90070A76B /* Sources */ = {
			isa = PBXSourcesBuildPhase;
			buildActionMask = 2147483647;
			files = (
				6A60FB9C244535A90070A76B /* XKCDYUITests.swift in Sources */,
			);
			runOnlyForDeploymentPostprocessing = 0;
		};
		6AAE177824B79CD700181C4B /* Sources */ = {
			isa = PBXSourcesBuildPhase;
			buildActionMask = 2147483647;
			files = (
				6AAE178724B79CE500181C4B /* Intents.intentdefinition in Sources */,
				6AAE179324B7E2F300181C4B /* Comic.swift in Sources */,
				6AAE177F24B79CD700181C4B /* IntentHandler.swift in Sources */,
				6AAE178924B7A1B700181C4B /* GetComicIntentHandler.swift in Sources */,
			);
			runOnlyForDeploymentPostprocessing = 0;
		};
/* End PBXSourcesBuildPhase section */

/* Begin PBXTargetDependency section */
		6A60FB8E244535A90070A76B /* PBXTargetDependency */ = {
			isa = PBXTargetDependency;
			target = 6A60FB75244535A70070A76B /* XKCDY */;
			targetProxy = 6A60FB8D244535A90070A76B /* PBXContainerItemProxy */;
		};
		6A60FB99244535A90070A76B /* PBXTargetDependency */ = {
			isa = PBXTargetDependency;
			target = 6A60FB75244535A70070A76B /* XKCDY */;
			targetProxy = 6A60FB98244535A90070A76B /* PBXContainerItemProxy */;
		};
		6AAE178224B79CD700181C4B /* PBXTargetDependency */ = {
			isa = PBXTargetDependency;
			target = 6AAE177B24B79CD700181C4B /* XKCDYIntents */;
			targetProxy = 6AAE178124B79CD700181C4B /* PBXContainerItemProxy */;
		};
/* End PBXTargetDependency section */

/* Begin PBXVariantGroup section */
		6A60FB84244535A90070A76B /* LaunchScreen.storyboard */ = {
			isa = PBXVariantGroup;
			children = (
				6A60FB85244535A90070A76B /* Base */,
			);
			name = LaunchScreen.storyboard;
			sourceTree = "<group>";
		};
/* End PBXVariantGroup section */

/* Begin XCBuildConfiguration section */
		6A60FB9E244535A90070A76B /* Debug */ = {
			isa = XCBuildConfiguration;
			buildSettings = {
				ALWAYS_SEARCH_USER_PATHS = NO;
				CLANG_ANALYZER_NONNULL = YES;
				CLANG_ANALYZER_NUMBER_OBJECT_CONVERSION = YES_AGGRESSIVE;
				CLANG_CXX_LANGUAGE_STANDARD = "gnu++14";
				CLANG_CXX_LIBRARY = "libc++";
				CLANG_ENABLE_MODULES = YES;
				CLANG_ENABLE_OBJC_ARC = YES;
				CLANG_ENABLE_OBJC_WEAK = YES;
				CLANG_WARN_BLOCK_CAPTURE_AUTORELEASING = YES;
				CLANG_WARN_BOOL_CONVERSION = YES;
				CLANG_WARN_COMMA = YES;
				CLANG_WARN_CONSTANT_CONVERSION = YES;
				CLANG_WARN_DEPRECATED_OBJC_IMPLEMENTATIONS = YES;
				CLANG_WARN_DIRECT_OBJC_ISA_USAGE = YES_ERROR;
				CLANG_WARN_DOCUMENTATION_COMMENTS = YES;
				CLANG_WARN_EMPTY_BODY = YES;
				CLANG_WARN_ENUM_CONVERSION = YES;
				CLANG_WARN_INFINITE_RECURSION = YES;
				CLANG_WARN_INT_CONVERSION = YES;
				CLANG_WARN_NON_LITERAL_NULL_CONVERSION = YES;
				CLANG_WARN_OBJC_IMPLICIT_RETAIN_SELF = YES;
				CLANG_WARN_OBJC_LITERAL_CONVERSION = YES;
				CLANG_WARN_OBJC_ROOT_CLASS = YES_ERROR;
				CLANG_WARN_RANGE_LOOP_ANALYSIS = YES;
				CLANG_WARN_STRICT_PROTOTYPES = YES;
				CLANG_WARN_SUSPICIOUS_MOVE = YES;
				CLANG_WARN_UNGUARDED_AVAILABILITY = YES_AGGRESSIVE;
				CLANG_WARN_UNREACHABLE_CODE = YES;
				CLANG_WARN__DUPLICATE_METHOD_MATCH = YES;
				COPY_PHASE_STRIP = NO;
				CURRENT_PROJECT_VERSION = 2;
				DEBUG_INFORMATION_FORMAT = dwarf;
				ENABLE_STRICT_OBJC_MSGSEND = YES;
				ENABLE_TESTABILITY = YES;
				GCC_C_LANGUAGE_STANDARD = gnu11;
				GCC_DYNAMIC_NO_PIC = NO;
				GCC_NO_COMMON_BLOCKS = YES;
				GCC_OPTIMIZATION_LEVEL = 0;
				GCC_PREPROCESSOR_DEFINITIONS = (
					"DEBUG=1",
					"$(inherited)",
				);
				GCC_WARN_64_TO_32_BIT_CONVERSION = YES;
				GCC_WARN_ABOUT_RETURN_TYPE = YES_ERROR;
				GCC_WARN_UNDECLARED_SELECTOR = YES;
				GCC_WARN_UNINITIALIZED_AUTOS = YES_AGGRESSIVE;
				GCC_WARN_UNUSED_FUNCTION = YES;
				GCC_WARN_UNUSED_VARIABLE = YES;
				IPHONEOS_DEPLOYMENT_TARGET = 13.4;
				MTL_ENABLE_DEBUG_INFO = INCLUDE_SOURCE;
				MTL_FAST_MATH = YES;
				ONLY_ACTIVE_ARCH = YES;
				SDKROOT = iphoneos;
				SWIFT_ACTIVE_COMPILATION_CONDITIONS = DEBUG;
				SWIFT_OPTIMIZATION_LEVEL = "-Onone";
				VERSIONING_SYSTEM = "apple-generic";
			};
			name = Debug;
		};
		6A60FB9F244535A90070A76B /* Release */ = {
			isa = XCBuildConfiguration;
			buildSettings = {
				ALWAYS_SEARCH_USER_PATHS = NO;
				CLANG_ANALYZER_NONNULL = YES;
				CLANG_ANALYZER_NUMBER_OBJECT_CONVERSION = YES_AGGRESSIVE;
				CLANG_CXX_LANGUAGE_STANDARD = "gnu++14";
				CLANG_CXX_LIBRARY = "libc++";
				CLANG_ENABLE_MODULES = YES;
				CLANG_ENABLE_OBJC_ARC = YES;
				CLANG_ENABLE_OBJC_WEAK = YES;
				CLANG_WARN_BLOCK_CAPTURE_AUTORELEASING = YES;
				CLANG_WARN_BOOL_CONVERSION = YES;
				CLANG_WARN_COMMA = YES;
				CLANG_WARN_CONSTANT_CONVERSION = YES;
				CLANG_WARN_DEPRECATED_OBJC_IMPLEMENTATIONS = YES;
				CLANG_WARN_DIRECT_OBJC_ISA_USAGE = YES_ERROR;
				CLANG_WARN_DOCUMENTATION_COMMENTS = YES;
				CLANG_WARN_EMPTY_BODY = YES;
				CLANG_WARN_ENUM_CONVERSION = YES;
				CLANG_WARN_INFINITE_RECURSION = YES;
				CLANG_WARN_INT_CONVERSION = YES;
				CLANG_WARN_NON_LITERAL_NULL_CONVERSION = YES;
				CLANG_WARN_OBJC_IMPLICIT_RETAIN_SELF = YES;
				CLANG_WARN_OBJC_LITERAL_CONVERSION = YES;
				CLANG_WARN_OBJC_ROOT_CLASS = YES_ERROR;
				CLANG_WARN_RANGE_LOOP_ANALYSIS = YES;
				CLANG_WARN_STRICT_PROTOTYPES = YES;
				CLANG_WARN_SUSPICIOUS_MOVE = YES;
				CLANG_WARN_UNGUARDED_AVAILABILITY = YES_AGGRESSIVE;
				CLANG_WARN_UNREACHABLE_CODE = YES;
				CLANG_WARN__DUPLICATE_METHOD_MATCH = YES;
				COPY_PHASE_STRIP = NO;
				CURRENT_PROJECT_VERSION = 2;
				DEBUG_INFORMATION_FORMAT = "dwarf-with-dsym";
				ENABLE_NS_ASSERTIONS = NO;
				ENABLE_STRICT_OBJC_MSGSEND = YES;
				GCC_C_LANGUAGE_STANDARD = gnu11;
				GCC_NO_COMMON_BLOCKS = YES;
				GCC_WARN_64_TO_32_BIT_CONVERSION = YES;
				GCC_WARN_ABOUT_RETURN_TYPE = YES_ERROR;
				GCC_WARN_UNDECLARED_SELECTOR = YES;
				GCC_WARN_UNINITIALIZED_AUTOS = YES_AGGRESSIVE;
				GCC_WARN_UNUSED_FUNCTION = YES;
				GCC_WARN_UNUSED_VARIABLE = YES;
				IPHONEOS_DEPLOYMENT_TARGET = 13.4;
				MTL_ENABLE_DEBUG_INFO = NO;
				MTL_FAST_MATH = YES;
				SDKROOT = iphoneos;
				SWIFT_COMPILATION_MODE = wholemodule;
				SWIFT_OPTIMIZATION_LEVEL = "-O";
				VALIDATE_PRODUCT = YES;
				VERSIONING_SYSTEM = "apple-generic";
			};
			name = Release;
		};
		6A60FBA1244535A90070A76B /* Debug */ = {
			isa = XCBuildConfiguration;
			buildSettings = {
				ALWAYS_EMBED_SWIFT_STANDARD_LIBRARIES = YES;
				ASSETCATALOG_COMPILER_APPICON_NAME = AppIcon;
				CODE_SIGN_ENTITLEMENTS = XKCDY/XKCDY.entitlements;
				CODE_SIGN_IDENTITY = "iPhone Developer";
				CODE_SIGN_STYLE = Manual;
				DEVELOPMENT_ASSET_PATHS = "\"XKCDY/Preview Content\"";
				DEVELOPMENT_TEAM = RSMU2QR9ZN;
				ENABLE_PREVIEWS = YES;
				INFOPLIST_FILE = XKCDY/Info.plist;
				IPHONEOS_DEPLOYMENT_TARGET = 13.4;
				LD_RUNPATH_SEARCH_PATHS = (
					"$(inherited)",
					"@executable_path/Frameworks",
				);
				PRODUCT_BUNDLE_IDENTIFIER = com.maxisom.XKCDY;
				PRODUCT_NAME = "$(TARGET_NAME)";
				PROVISIONING_PROFILE_SPECIFIER = "match Development com.maxisom.XKCDY";
				SUPPORTS_MACCATALYST = NO;
				SWIFT_VERSION = 5.0;
				TARGETED_DEVICE_FAMILY = "1,2";
			};
			name = Debug;
		};
		6A60FBA2244535A90070A76B /* Release */ = {
			isa = XCBuildConfiguration;
			buildSettings = {
				ALWAYS_EMBED_SWIFT_STANDARD_LIBRARIES = YES;
				ASSETCATALOG_COMPILER_APPICON_NAME = AppIcon;
				CODE_SIGN_ENTITLEMENTS = XKCDY/XKCDY.entitlements;
				CODE_SIGN_IDENTITY = "iPhone Distribution";
				CODE_SIGN_STYLE = Manual;
				DEVELOPMENT_ASSET_PATHS = "\"XKCDY/Preview Content\"";
				DEVELOPMENT_TEAM = RSMU2QR9ZN;
				ENABLE_PREVIEWS = YES;
				INFOPLIST_FILE = XKCDY/Info.plist;
				IPHONEOS_DEPLOYMENT_TARGET = 13.4;
				LD_RUNPATH_SEARCH_PATHS = (
					"$(inherited)",
					"@executable_path/Frameworks",
				);
				PRODUCT_BUNDLE_IDENTIFIER = com.maxisom.XKCDY;
				PRODUCT_NAME = "$(TARGET_NAME)";
				PROVISIONING_PROFILE_SPECIFIER = "match AppStore com.maxisom.XKCDY";
				SUPPORTS_MACCATALYST = NO;
				SWIFT_VERSION = 5.0;
				TARGETED_DEVICE_FAMILY = "1,2";
			};
			name = Release;
		};
		6A60FBA4244535A90070A76B /* Debug */ = {
			isa = XCBuildConfiguration;
			buildSettings = {
				ALWAYS_EMBED_SWIFT_STANDARD_LIBRARIES = YES;
				BUNDLE_LOADER = "$(TEST_HOST)";
				CODE_SIGN_STYLE = Automatic;
				INFOPLIST_FILE = DCKXTests/Info.plist;
				IPHONEOS_DEPLOYMENT_TARGET = 13.4;
				LD_RUNPATH_SEARCH_PATHS = (
					"$(inherited)",
					"@executable_path/Frameworks",
					"@loader_path/Frameworks",
				);
				PRODUCT_BUNDLE_IDENTIFIER = com.maxisom.DCKXTests;
				PRODUCT_NAME = "$(TARGET_NAME)";
				SWIFT_VERSION = 5.0;
				TARGETED_DEVICE_FAMILY = "1,2";
				TEST_HOST = "$(BUILT_PRODUCTS_DIR)/XKCDY.app/XKCDY";
			};
			name = Debug;
		};
		6A60FBA5244535A90070A76B /* Release */ = {
			isa = XCBuildConfiguration;
			buildSettings = {
				ALWAYS_EMBED_SWIFT_STANDARD_LIBRARIES = YES;
				BUNDLE_LOADER = "$(TEST_HOST)";
				CODE_SIGN_STYLE = Automatic;
				INFOPLIST_FILE = DCKXTests/Info.plist;
				IPHONEOS_DEPLOYMENT_TARGET = 13.4;
				LD_RUNPATH_SEARCH_PATHS = (
					"$(inherited)",
					"@executable_path/Frameworks",
					"@loader_path/Frameworks",
				);
				PRODUCT_BUNDLE_IDENTIFIER = com.maxisom.DCKXTests;
				PRODUCT_NAME = "$(TARGET_NAME)";
				SWIFT_VERSION = 5.0;
				TARGETED_DEVICE_FAMILY = "1,2";
				TEST_HOST = "$(BUILT_PRODUCTS_DIR)/XKCDY.app/XKCDY";
			};
			name = Release;
		};
		6A60FBA7244535A90070A76B /* Debug */ = {
			isa = XCBuildConfiguration;
			buildSettings = {
				ALWAYS_EMBED_SWIFT_STANDARD_LIBRARIES = YES;
				CODE_SIGN_STYLE = Automatic;
				INFOPLIST_FILE = DCKXUITests/Info.plist;
				LD_RUNPATH_SEARCH_PATHS = (
					"$(inherited)",
					"@executable_path/Frameworks",
					"@loader_path/Frameworks",
				);
				PRODUCT_BUNDLE_IDENTIFIER = com.maxisom.DCKXUITests;
				PRODUCT_NAME = "$(TARGET_NAME)";
				SWIFT_VERSION = 5.0;
				TARGETED_DEVICE_FAMILY = "1,2";
				TEST_TARGET_NAME = DCKX;
			};
			name = Debug;
		};
		6A60FBA8244535A90070A76B /* Release */ = {
			isa = XCBuildConfiguration;
			buildSettings = {
				ALWAYS_EMBED_SWIFT_STANDARD_LIBRARIES = YES;
				CODE_SIGN_STYLE = Automatic;
				INFOPLIST_FILE = DCKXUITests/Info.plist;
				LD_RUNPATH_SEARCH_PATHS = (
					"$(inherited)",
					"@executable_path/Frameworks",
					"@loader_path/Frameworks",
				);
				PRODUCT_BUNDLE_IDENTIFIER = com.maxisom.DCKXUITests;
				PRODUCT_NAME = "$(TARGET_NAME)";
				SWIFT_VERSION = 5.0;
				TARGETED_DEVICE_FAMILY = "1,2";
				TEST_TARGET_NAME = DCKX;
			};
			name = Release;
		};
		6AAE178524B79CD700181C4B /* Debug */ = {
			isa = XCBuildConfiguration;
			buildSettings = {
				CODE_SIGN_ENTITLEMENTS = XKCDYIntents/XKCDYIntentsDebug.entitlements;
				CODE_SIGN_IDENTITY = "iPhone Developer";
				CODE_SIGN_STYLE = Manual;
				DEVELOPMENT_TEAM = RSMU2QR9ZN;
				INFOPLIST_FILE = XKCDYIntents/Info.plist;
				IPHONEOS_DEPLOYMENT_TARGET = 13.5;
				LD_RUNPATH_SEARCH_PATHS = (
					"$(inherited)",
					"@executable_path/Frameworks",
					"@executable_path/../../Frameworks",
				);
				PRODUCT_BUNDLE_IDENTIFIER = com.maxisom.XKCDY.XKCDYIntents;
				PRODUCT_NAME = "$(TARGET_NAME)";
				PROVISIONING_PROFILE_SPECIFIER = "match Development com.maxisom.XKCDY.XKCDYIntents";
				SKIP_INSTALL = YES;
				SWIFT_VERSION = 5.0;
				TARGETED_DEVICE_FAMILY = "1,2";
			};
			name = Debug;
		};
		6AAE178624B79CD700181C4B /* Release */ = {
			isa = XCBuildConfiguration;
			buildSettings = {
				CODE_SIGN_ENTITLEMENTS = XKCDYIntents/XKCDYIntentsRelease.entitlements;
				CODE_SIGN_IDENTITY = "iPhone Distribution";
				CODE_SIGN_STYLE = Manual;
				DEVELOPMENT_TEAM = RSMU2QR9ZN;
				INFOPLIST_FILE = XKCDYIntents/Info.plist;
				IPHONEOS_DEPLOYMENT_TARGET = 13.5;
				LD_RUNPATH_SEARCH_PATHS = (
					"$(inherited)",
					"@executable_path/Frameworks",
					"@executable_path/../../Frameworks",
				);
				PRODUCT_BUNDLE_IDENTIFIER = com.maxisom.XKCDY.XKCDYIntents;
				PRODUCT_NAME = "$(TARGET_NAME)";
				PROVISIONING_PROFILE_SPECIFIER = "match AppStore com.maxisom.XKCDY.XKCDYIntents";
				SKIP_INSTALL = YES;
				SWIFT_VERSION = 5.0;
				TARGETED_DEVICE_FAMILY = "1,2";
			};
			name = Release;
		};
/* End XCBuildConfiguration section */

/* Begin XCConfigurationList section */
		6A60FB71244535A70070A76B /* Build configuration list for PBXProject "XKCDY" */ = {
			isa = XCConfigurationList;
			buildConfigurations = (
				6A60FB9E244535A90070A76B /* Debug */,
				6A60FB9F244535A90070A76B /* Release */,
			);
			defaultConfigurationIsVisible = 0;
			defaultConfigurationName = Release;
		};
		6A60FBA0244535A90070A76B /* Build configuration list for PBXNativeTarget "XKCDY" */ = {
			isa = XCConfigurationList;
			buildConfigurations = (
				6A60FBA1244535A90070A76B /* Debug */,
				6A60FBA2244535A90070A76B /* Release */,
			);
			defaultConfigurationIsVisible = 0;
			defaultConfigurationName = Release;
		};
		6A60FBA3244535A90070A76B /* Build configuration list for PBXNativeTarget "XKCDYTests" */ = {
			isa = XCConfigurationList;
			buildConfigurations = (
				6A60FBA4244535A90070A76B /* Debug */,
				6A60FBA5244535A90070A76B /* Release */,
			);
			defaultConfigurationIsVisible = 0;
			defaultConfigurationName = Release;
		};
		6A60FBA6244535A90070A76B /* Build configuration list for PBXNativeTarget "XKCDYUITests" */ = {
			isa = XCConfigurationList;
			buildConfigurations = (
				6A60FBA7244535A90070A76B /* Debug */,
				6A60FBA8244535A90070A76B /* Release */,
			);
			defaultConfigurationIsVisible = 0;
			defaultConfigurationName = Release;
		};
		6AAE178424B79CD700181C4B /* Build configuration list for PBXNativeTarget "XKCDYIntents" */ = {
			isa = XCConfigurationList;
			buildConfigurations = (
				6AAE178524B79CD700181C4B /* Debug */,
				6AAE178624B79CD700181C4B /* Release */,
			);
			defaultConfigurationIsVisible = 0;
			defaultConfigurationName = Release;
		};
/* End XCConfigurationList section */

/* Begin XCRemoteSwiftPackageReference section */
		6A06FAC62445517B002202DC /* XCRemoteSwiftPackageReference "ASCollectionView" */ = {
			isa = XCRemoteSwiftPackageReference;
			repositoryURL = "https://github.com/apptekstudios/ASCollectionView";
			requirement = {
				kind = upToNextMajorVersion;
				minimumVersion = 1.5.0;
			};
		};
		6A5430E524994A6500C92B78 /* XCRemoteSwiftPackageReference "realm-cocoa" */ = {
			isa = XCRemoteSwiftPackageReference;
			repositoryURL = "https://github.com/realm/realm-cocoa";
			requirement = {
				kind = upToNextMajorVersion;
				minimumVersion = 5.0.3;
			};
		};
		6AA0123224B62C7000F51ABF /* XCRemoteSwiftPackageReference "Kingfisher" */ = {
			isa = XCRemoteSwiftPackageReference;
			repositoryURL = "https://github.com/onevcat/Kingfisher.git";
			requirement = {
				kind = upToNextMajorVersion;
				minimumVersion = 5.14.1;
			};
		};
		6AA0123924B6538700F51ABF /* XCRemoteSwiftPackageReference "SwiftUI-WebView" */ = {
			isa = XCRemoteSwiftPackageReference;
			repositoryURL = "https://github.com/kylehickinson/SwiftUI-WebView.git";
			requirement = {
				kind = upToNextMajorVersion;
				minimumVersion = 0.2.0;
			};
		};
		6ADBCBD22447B65100594DBD /* XCRemoteSwiftPackageReference "Alamofire" */ = {
			isa = XCRemoteSwiftPackageReference;
			repositoryURL = "https://github.com/Alamofire/Alamofire.git";
			requirement = {
				kind = upToNextMajorVersion;
				minimumVersion = 5.1.0;
			};
		};
		6AEB62B2246373E7001FAF67 /* XCRemoteSwiftPackageReference "SwiftUIPager" */ = {
			isa = XCRemoteSwiftPackageReference;
			repositoryURL = "https://github.com/fermoya/SwiftUIPager.git";
			requirement = {
				kind = upToNextMajorVersion;
				minimumVersion = 1.4.1;
			};
		};
		6AEFE7A0244628E7003057F8 /* XCRemoteSwiftPackageReference "SwiftUIFlux" */ = {
			isa = XCRemoteSwiftPackageReference;
			repositoryURL = "https://github.com/Dimillian/SwiftUIFlux";
			requirement = {
				kind = upToNextMajorVersion;
				minimumVersion = 0.5.1;
			};
		};
		6AF016A0246239CD00A51375 /* XCRemoteSwiftPackageReference "SwiftUI-Introspect" */ = {
			isa = XCRemoteSwiftPackageReference;
			repositoryURL = "https://github.com/timbersoftware/SwiftUI-Introspect.git";
			requirement = {
				kind = upToNextMajorVersion;
				minimumVersion = 0.1.0;
			};
		};
/* End XCRemoteSwiftPackageReference section */

/* Begin XCSwiftPackageProductDependency section */
		6A06FAC72445517B002202DC /* ASCollectionView */ = {
			isa = XCSwiftPackageProductDependency;
			package = 6A06FAC62445517B002202DC /* XCRemoteSwiftPackageReference "ASCollectionView" */;
			productName = ASCollectionView;
		};
		6A5430E624994A6500C92B78 /* RealmSwift */ = {
			isa = XCSwiftPackageProductDependency;
			package = 6A5430E524994A6500C92B78 /* XCRemoteSwiftPackageReference "realm-cocoa" */;
			productName = RealmSwift;
		};
		6AA0123324B62C7000F51ABF /* Kingfisher */ = {
			isa = XCSwiftPackageProductDependency;
			package = 6AA0123224B62C7000F51ABF /* XCRemoteSwiftPackageReference "Kingfisher" */;
			productName = Kingfisher;
		};
		6AA0123524B62C7000F51ABF /* KingfisherSwiftUI */ = {
			isa = XCSwiftPackageProductDependency;
			package = 6AA0123224B62C7000F51ABF /* XCRemoteSwiftPackageReference "Kingfisher" */;
			productName = KingfisherSwiftUI;
		};
		6AA0123A24B6538700F51ABF /* WebView */ = {
			isa = XCSwiftPackageProductDependency;
			package = 6AA0123924B6538700F51ABF /* XCRemoteSwiftPackageReference "SwiftUI-WebView" */;
			productName = WebView;
		};
		6AAE178F24B7D03700181C4B /* Realm */ = {
			isa = XCSwiftPackageProductDependency;
			package = 6A5430E524994A6500C92B78 /* XCRemoteSwiftPackageReference "realm-cocoa" */;
			productName = Realm;
		};
		6AAE179124B7D03700181C4B /* RealmSwift */ = {
			isa = XCSwiftPackageProductDependency;
			package = 6A5430E524994A6500C92B78 /* XCRemoteSwiftPackageReference "realm-cocoa" */;
			productName = RealmSwift;
		};
		6ADBCBD32447B65100594DBD /* Alamofire */ = {
			isa = XCSwiftPackageProductDependency;
			package = 6ADBCBD22447B65100594DBD /* XCRemoteSwiftPackageReference "Alamofire" */;
			productName = Alamofire;
		};
		6AEB62B3246373E7001FAF67 /* SwiftUIPager */ = {
			isa = XCSwiftPackageProductDependency;
			package = 6AEB62B2246373E7001FAF67 /* XCRemoteSwiftPackageReference "SwiftUIPager" */;
			productName = SwiftUIPager;
		};
		6AEFE7A1244628E7003057F8 /* SwiftUIFlux */ = {
			isa = XCSwiftPackageProductDependency;
			package = 6AEFE7A0244628E7003057F8 /* XCRemoteSwiftPackageReference "SwiftUIFlux" */;
			productName = SwiftUIFlux;
		};
		6AF016A1246239CD00A51375 /* Introspect */ = {
			isa = XCSwiftPackageProductDependency;
			package = 6AF016A0246239CD00A51375 /* XCRemoteSwiftPackageReference "SwiftUI-Introspect" */;
			productName = Introspect;
		};
/* End XCSwiftPackageProductDependency section */
	};
	rootObject = 6A60FB6E244535A70070A76B /* Project object */;
}
