{
  "pins" : [
    {
      "identity" : "alamofire",
      "kind" : "remoteSourceControl",
      "location" : "https://github.com/Alamofire/Alamofire.git",
      "state" : {
        "revision" : "becd9a729a37bdbef5bc39dc3c702b99f9e3d046",
        "version" : "5.2.2"
      }
    },
    {
      "identity" : "chtcollectionviewwaterfalllayout",
      "kind" : "remoteSourceControl",
      "location" : "https://github.com/chiahsien/CHTCollectionViewWaterfallLayout.git",
      "state" : {
        "revision" : "1fe42247efc8aea1ad03332d2b44f2d7fb1644bc",
        "version" : "0.9.10"
      }
    },
    {
      "identity" : "kingfisher",
      "kind" : "remoteSourceControl",
      "location" : "https://github.com/onevcat/Kingfisher.git",
      "state" : {
        "revision" : "d0d669fba45e16b0669ce4986725b71da41c4049",
        "version" : "6.0.1"
      }
    },
    {
      "identity" : "realm-core",
      "kind" : "remoteSourceControl",
      "location" : "https://github.com/realm/realm-core",
      "state" : {
        "revision" : "3c4b86da569368c4ee5ccca2a112d511cc6fa936",
        "version" : "12.11.0"
      }
    },
    {
      "identity" : "realm-swift",
      "kind" : "remoteSourceControl",
      "location" : "https://github.com/realm/realm-swift.git",
      "state" : {
        "revision" : "72a0dd9dc0ec1bab417155471191ef68e1bb0eaf",
        "version" : "10.32.3"
      }
    },
    {
      "identity" : "swiftuilayouts",
      "kind" : "remoteSourceControl",
      "location" : "https://github.com/apptekstudios/SwiftUILayouts",
      "state" : {
        "revision" : "1d004de5588d2e0f669f61ff8709aeef9db2e8d3"
      }
    },
    {
      "identity" : "swiftuipager",
      "kind" : "remoteSourceControl",
      "location" : "https://github.com/fermoya/SwiftUIPager.git",
      "state" : {
        "revision" : "3c0485ffc369f2138477ec508cafc5fffd39f2bf",
        "version" : "2.3.2"
      }
    },
    {
      "identity" : "swiftystorekit",
      "kind" : "remoteSourceControl",
      "location" : "https://github.com/bizz84/SwiftyStoreKit.git",
      "state" : {
        "revision" : "9974acf07b31b6f5bf363d5118dc1bd4fcac6122",
        "version" : "0.16.1"
      }
    },
    {
      "identity" : "tpinappreceipt",
      "kind" : "remoteSourceControl",
      "location" : "https://github.com/tikhop/TPInAppReceipt.git",
      "state" : {
        "revision" : "61591a73792280d73baade63f2429b87e0659125",
        "version" : "2.6.2"
      }
    }
  ],
  "version" : 2
}
